
Microsoft Visual Studio Solution File, Format Version 12.00
# Visual Studio Version 16
VisualStudioVersion = 16.0.31129.286
MinimumVisualStudioVersion = 10.0.40219.1
Project("{FAE04EC0-301F-11D3-BF4B-00C04F79EFBC}") = "MyOCR", "MyOCR.csproj", "{687EE48F-6765-4CD0-8EBA-824606961507}"
EndProject
Global
	GlobalSection(SolutionConfigurationPlatforms) = preSolution
		Debug|Any CPU = Debug|Any CPU
		Release|Any CPU = Release|Any CPU
	EndGlobalSection
	GlobalSection(ProjectConfigurationPlatforms) = postSolution
		{687EE48F-6765-4CD0-8EBA-824606961507}.Debug|Any CPU.ActiveCfg = Debug|Any CPU
		{687EE48F-6765-4CD0-8EBA-824606961507}.Debug|Any CPU.Build.0 = Debug|Any CPU
		{687EE48F-6765-4CD0-8EBA-824606961507}.Release|Any CPU.ActiveCfg = Release|Any CPU
		{687EE48F-6765-4CD0-8EBA-824606961507}.Release|Any CPU.Build.0 = Release|Any CPU
	EndGlobalSection
	GlobalSection(SolutionProperties) = preSolution
		HideSolutionNode = FALSE
	EndGlobalSection
	GlobalSection(ExtensibilityGlobals) = postSolution
		SolutionGuid = {E45D4035-4707-4A1B-A439-657E50A9A257}
	EndGlobalSection
EndGlobal
